
Microsoft Visual Studio Solution File, Format Version 12.00
# Visual Studio Version 17
VisualStudioVersion = 17.13.35913.81
MinimumVisualStudioVersion = 10.0.40219.1
Project("{FAE04EC0-301F-11D3-BF4B-00C04F79EFBC}") = "WebApiPerson", "WebApiPerson\WebApiPerson.csproj", "{1ABAB9AD-0B32-4BFB-82F4-738F43E9F887}"
EndProject
Project("{2150E333-8FDC-42A3-9474-1A3956D46DE8}") = "Solution Items", "Solution Items", "{02EA681E-C7D8-13C7-8484-4AC65E1B71E8}"
	ProjectSection(SolutionItems) = preProject
		.editorconfig = .editorconfig
	EndProjectSection
EndProject
Global
	GlobalSection(SolutionConfigurationPlatforms) = preSolution
		Debug|Any CPU = Debug|Any CPU
		Release|Any CPU = Release|Any CPU
	EndGlobalSection
	GlobalSection(ProjectConfigurationPlatforms) = postSolution
		{1ABAB9AD-0B32-4BFB-82F4-738F43E9F887}.Debug|Any CPU.ActiveCfg = Debug|Any CPU
		{1ABAB9AD-0B32-4BFB-82F4-738F43E9F887}.Debug|Any CPU.Build.0 = Debug|Any CPU
		{1ABAB9AD-0B32-4BFB-82F4-738F43E9F887}.Release|Any CPU.ActiveCfg = Release|Any CPU
		{1ABAB9AD-0B32-4BFB-82F4-738F43E9F887}.Release|Any CPU.Build.0 = Release|Any CPU
	EndGlobalSection
	GlobalSection(SolutionProperties) = preSolution
		HideSolutionNode = FALSE
	EndGlobalSection
	GlobalSection(ExtensibilityGlobals) = postSolution
		SolutionGuid = {6FF5784A-ED6A-4D39-964D-76A35EA06B1D}
	EndGlobalSection
EndGlobal
